// !$*UTF8*$!
{
	archiveVersion = 1;
	classes = {
	};
	objectVersion = 46;
	objects = {

/* Begin PBXBuildFile section */
		8E553B6D1A749D3800E98B5E /* CachedImageView.m in Sources */ = {isa = PBXBuildFile; fileRef = 8E553B6C1A749D3800E98B5E /* CachedImageView.m */; };
		8E553B701A749E6C00E98B5E /* ImageCache.m in Sources */ = {isa = PBXBuildFile; fileRef = 8E553B6F1A749E6C00E98B5E /* ImageCache.m */; };
		8E553B731A749ED600E98B5E /* Log.m in Sources */ = {isa = PBXBuildFile; fileRef = 8E553B721A749ED600E98B5E /* Log.m */; };
		8E553B771A749F6100E98B5E /* Utility.m in Sources */ = {isa = PBXBuildFile; fileRef = 8E553B761A749F6100E98B5E /* Utility.m */; };
		8EF14C0B1A78A2FD00DC9435 /* LoginViewController.m in Sources */ = {isa = PBXBuildFile; fileRef = 8EF14C0A1A78A2FD00DC9435 /* LoginViewController.m */; };
		8EF5151A1A746970008A0C5F /* main.m in Sources */ = {isa = PBXBuildFile; fileRef = 8EF515191A746970008A0C5F /* main.m */; };
		8EF5151D1A746970008A0C5F /* AppDelegate.m in Sources */ = {isa = PBXBuildFile; fileRef = 8EF5151C1A746970008A0C5F /* AppDelegate.m */; };
		8EF515201A746970008A0C5F /* ViewController.m in Sources */ = {isa = PBXBuildFile; fileRef = 8EF5151F1A746970008A0C5F /* ViewController.m */; };
		8EF515231A746970008A0C5F /* Main.storyboard in Resources */ = {isa = PBXBuildFile; fileRef = 8EF515211A746970008A0C5F /* Main.storyboard */; };
		8EF515251A746970008A0C5F /* Images.xcassets in Resources */ = {isa = PBXBuildFile; fileRef = 8EF515241A746970008A0C5F /* Images.xcassets */; };
		8EF515281A746970008A0C5F /* LaunchScreen.xib in Resources */ = {isa = PBXBuildFile; fileRef = 8EF515261A746970008A0C5F /* LaunchScreen.xib */; };
		8EF515341A746970008A0C5F /* JukeTests.m in Sources */ = {isa = PBXBuildFile; fileRef = 8EF515331A746970008A0C5F /* JukeTests.m */; };
		8EF515401A7469D1008A0C5F /* Spotify.framework in Frameworks */ = {isa = PBXBuildFile; fileRef = 8EF5153F1A7469D1008A0C5F /* Spotify.framework */; };
		8EF515421A746D62008A0C5F /* AVFoundation.framework in Frameworks */ = {isa = PBXBuildFile; fileRef = 8EF515411A746D62008A0C5F /* AVFoundation.framework */; };
		8EF515461A747E10008A0C5F /* SearchCollectionViewCell.m in Sources */ = {isa = PBXBuildFile; fileRef = 8EF515451A747E10008A0C5F /* SearchCollectionViewCell.m */; };
		C7E4FE98AC9C425B40A1E8C5 /* libPods.a in Frameworks */ = {isa = PBXBuildFile; fileRef = 51A139D8AC09216C24575890 /* libPods.a */; };
/* End PBXBuildFile section */

/* Begin PBXContainerItemProxy section */
		8EF5152E1A746970008A0C5F /* PBXContainerItemProxy */ = {
			isa = PBXContainerItemProxy;
			containerPortal = 8EF5150C1A746970008A0C5F /* Project object */;
			proxyType = 1;
			remoteGlobalIDString = 8EF515131A746970008A0C5F;
			remoteInfo = Juke;
		};
/* End PBXContainerItemProxy section */

/* Begin PBXFileReference section */
		4A9B3269B13CEDB97F525B80 /* Pods.debug.xcconfig */ = {isa = PBXFileReference; includeInIndex = 1; lastKnownFileType = text.xcconfig; name = Pods.debug.xcconfig; path = "Pods/Target Support Files/Pods/Pods.debug.xcconfig"; sourceTree = "<group>"; };
		51A139D8AC09216C24575890 /* libPods.a */ = {isa = PBXFileReference; explicitFileType = archive.ar; includeInIndex = 0; path = libPods.a; sourceTree = BUILT_PRODUCTS_DIR; };
		542DECED61D3DA2B8623662A /* Pods.release.xcconfig */ = {isa = PBXFileReference; includeInIndex = 1; lastKnownFileType = text.xcconfig; name = Pods.release.xcconfig; path = "Pods/Target Support Files/Pods/Pods.release.xcconfig"; sourceTree = "<group>"; };
		8E553B6B1A749D3800E98B5E /* CachedImageView.h */ = {isa = PBXFileReference; fileEncoding = 4; lastKnownFileType = sourcecode.c.h; path = CachedImageView.h; sourceTree = "<group>"; };
		8E553B6C1A749D3800E98B5E /* CachedImageView.m */ = {isa = PBXFileReference; fileEncoding = 4; lastKnownFileType = sourcecode.c.objc; path = CachedImageView.m; sourceTree = "<group>"; };
		8E553B6E1A749E6C00E98B5E /* ImageCache.h */ = {isa = PBXFileReference; fileEncoding = 4; lastKnownFileType = sourcecode.c.h; path = ImageCache.h; sourceTree = "<group>"; };
		8E553B6F1A749E6C00E98B5E /* ImageCache.m */ = {isa = PBXFileReference; fileEncoding = 4; lastKnownFileType = sourcecode.c.objc; path = ImageCache.m; sourceTree = "<group>"; };
		8E553B711A749ED600E98B5E /* Log.h */ = {isa = PBXFileReference; fileEncoding = 4; lastKnownFileType = sourcecode.c.h; path = Log.h; sourceTree = "<group>"; };
		8E553B721A749ED600E98B5E /* Log.m */ = {isa = PBXFileReference; fileEncoding = 4; lastKnownFileType = sourcecode.c.objc; path = Log.m; sourceTree = "<group>"; };
		8E553B751A749F6100E98B5E /* Utility.h */ = {isa = PBXFileReference; fileEncoding = 4; lastKnownFileType = sourcecode.c.h; path = Utility.h; sourceTree = "<group>"; };
		8E553B761A749F6100E98B5E /* Utility.m */ = {isa = PBXFileReference; fileEncoding = 4; lastKnownFileType = sourcecode.c.objc; path = Utility.m; sourceTree = "<group>"; };
		8EF14C091A78A2FD00DC9435 /* LoginViewController.h */ = {isa = PBXFileReference; fileEncoding = 4; lastKnownFileType = sourcecode.c.h; path = LoginViewController.h; sourceTree = "<group>"; };
		8EF14C0A1A78A2FD00DC9435 /* LoginViewController.m */ = {isa = PBXFileReference; fileEncoding = 4; lastKnownFileType = sourcecode.c.objc; path = LoginViewController.m; sourceTree = "<group>"; };
		8EF515141A746970008A0C5F /* Juke.app */ = {isa = PBXFileReference; explicitFileType = wrapper.application; includeInIndex = 0; path = Juke.app; sourceTree = BUILT_PRODUCTS_DIR; };
		8EF515181A746970008A0C5F /* Info.plist */ = {isa = PBXFileReference; lastKnownFileType = text.plist.xml; path = Info.plist; sourceTree = "<group>"; };
		8EF515191A746970008A0C5F /* main.m */ = {isa = PBXFileReference; lastKnownFileType = sourcecode.c.objc; path = main.m; sourceTree = "<group>"; };
		8EF5151B1A746970008A0C5F /* AppDelegate.h */ = {isa = PBXFileReference; lastKnownFileType = sourcecode.c.h; path = AppDelegate.h; sourceTree = "<group>"; };
		8EF5151C1A746970008A0C5F /* AppDelegate.m */ = {isa = PBXFileReference; lastKnownFileType = sourcecode.c.objc; path = AppDelegate.m; sourceTree = "<group>"; };
		8EF5151E1A746970008A0C5F /* ViewController.h */ = {isa = PBXFileReference; lastKnownFileType = sourcecode.c.h; path = ViewController.h; sourceTree = "<group>"; };
		8EF5151F1A746970008A0C5F /* ViewController.m */ = {isa = PBXFileReference; lastKnownFileType = sourcecode.c.objc; path = ViewController.m; sourceTree = "<group>"; };
		8EF515221A746970008A0C5F /* Base */ = {isa = PBXFileReference; lastKnownFileType = file.storyboard; name = Base; path = Base.lproj/Main.storyboard; sourceTree = "<group>"; };
		8EF515241A746970008A0C5F /* Images.xcassets */ = {isa = PBXFileReference; lastKnownFileType = folder.assetcatalog; path = Images.xcassets; sourceTree = "<group>"; };
		8EF515271A746970008A0C5F /* Base */ = {isa = PBXFileReference; lastKnownFileType = file.xib; name = Base; path = Base.lproj/LaunchScreen.xib; sourceTree = "<group>"; };
		8EF5152D1A746970008A0C5F /* JukeTests.xctest */ = {isa = PBXFileReference; explicitFileType = wrapper.cfbundle; includeInIndex = 0; path = JukeTests.xctest; sourceTree = BUILT_PRODUCTS_DIR; };
		8EF515321A746970008A0C5F /* Info.plist */ = {isa = PBXFileReference; lastKnownFileType = text.plist.xml; path = Info.plist; sourceTree = "<group>"; };
		8EF515331A746970008A0C5F /* JukeTests.m */ = {isa = PBXFileReference; lastKnownFileType = sourcecode.c.objc; path = JukeTests.m; sourceTree = "<group>"; };
		8EF5153F1A7469D1008A0C5F /* Spotify.framework */ = {isa = PBXFileReference; lastKnownFileType = wrapper.framework; path = Spotify.framework; sourceTree = "<group>"; };
		8EF515411A746D62008A0C5F /* AVFoundation.framework */ = {isa = PBXFileReference; lastKnownFileType = wrapper.framework; name = AVFoundation.framework; path = System/Library/Frameworks/AVFoundation.framework; sourceTree = SDKROOT; };
		8EF515441A747E10008A0C5F /* SearchCollectionViewCell.h */ = {isa = PBXFileReference; fileEncoding = 4; lastKnownFileType = sourcecode.c.h; path = SearchCollectionViewCell.h; sourceTree = "<group>"; };
		8EF515451A747E10008A0C5F /* SearchCollectionViewCell.m */ = {isa = PBXFileReference; fileEncoding = 4; lastKnownFileType = sourcecode.c.objc; path = SearchCollectionViewCell.m; sourceTree = "<group>"; };
/* End PBXFileReference section */

/* Begin PBXFrameworksBuildPhase section */
		8EF515111A746970008A0C5F /* Frameworks */ = {
			isa = PBXFrameworksBuildPhase;
			buildActionMask = 2147483647;
			files = (
				8EF515421A746D62008A0C5F /* AVFoundation.framework in Frameworks */,
				8EF515401A7469D1008A0C5F /* Spotify.framework in Frameworks */,
				C7E4FE98AC9C425B40A1E8C5 /* libPods.a in Frameworks */,
			);
			runOnlyForDeploymentPostprocessing = 0;
		};
		8EF5152A1A746970008A0C5F /* Frameworks */ = {
			isa = PBXFrameworksBuildPhase;
			buildActionMask = 2147483647;
			files = (
			);
			runOnlyForDeploymentPostprocessing = 0;
		};
/* End PBXFrameworksBuildPhase section */

/* Begin PBXGroup section */
		8E553B781A74A0B700E98B5E /* Tools */ = {
			isa = PBXGroup;
			children = (
				8E553B711A749ED600E98B5E /* Log.h */,
				8E553B721A749ED600E98B5E /* Log.m */,
				8E553B751A749F6100E98B5E /* Utility.h */,
				8E553B761A749F6100E98B5E /* Utility.m */,
				8E553B6E1A749E6C00E98B5E /* ImageCache.h */,
				8E553B6F1A749E6C00E98B5E /* ImageCache.m */,
				8E553B6B1A749D3800E98B5E /* CachedImageView.h */,
				8E553B6C1A749D3800E98B5E /* CachedImageView.m */,
			);
			name = Tools;
			sourceTree = "<group>";
		};
		8EF5150B1A746970008A0C5F = {
			isa = PBXGroup;
			children = (
				8EF515411A746D62008A0C5F /* AVFoundation.framework */,
				8EF515161A746970008A0C5F /* Juke */,
				8EF515301A746970008A0C5F /* JukeTests */,
				8EF515151A746970008A0C5F /* Products */,
				E4891FE47FF5B4279F16AE72 /* Pods */,
				992E1BC016F5ECD0A8AEEA71 /* Frameworks */,
			);
			sourceTree = "<group>";
		};
		8EF515151A746970008A0C5F /* Products */ = {
			isa = PBXGroup;
			children = (
				8EF515141A746970008A0C5F /* Juke.app */,
				8EF5152D1A746970008A0C5F /* JukeTests.xctest */,
			);
			name = Products;
			sourceTree = "<group>";
		};
		8EF515161A746970008A0C5F /* Juke */ = {
			isa = PBXGroup;
			children = (
				8EF5153E1A7469BF008A0C5F /* Frameworks */,
				8E553B781A74A0B700E98B5E /* Tools */,
				8EF5151B1A746970008A0C5F /* AppDelegate.h */,
				8EF5151C1A746970008A0C5F /* AppDelegate.m */,
				8EF14C091A78A2FD00DC9435 /* LoginViewController.h */,
				8EF14C0A1A78A2FD00DC9435 /* LoginViewController.m */,
				8EF5151E1A746970008A0C5F /* ViewController.h */,
				8EF5151F1A746970008A0C5F /* ViewController.m */,
				8EF515441A747E10008A0C5F /* SearchCollectionViewCell.h */,
				8EF515451A747E10008A0C5F /* SearchCollectionViewCell.m */,
				8EF515211A746970008A0C5F /* Main.storyboard */,
				8EF515241A746970008A0C5F /* Images.xcassets */,
				8EF515261A746970008A0C5F /* LaunchScreen.xib */,
				8EF515171A746970008A0C5F /* Supporting Files */,
			);
			path = Juke;
			sourceTree = "<group>";
		};
		8EF515171A746970008A0C5F /* Supporting Files */ = {
			isa = PBXGroup;
			children = (
				8EF515181A746970008A0C5F /* Info.plist */,
				8EF515191A746970008A0C5F /* main.m */,
			);
			name = "Supporting Files";
			sourceTree = "<group>";
		};
		8EF515301A746970008A0C5F /* JukeTests */ = {
			isa = PBXGroup;
			children = (
				8EF515331A746970008A0C5F /* JukeTests.m */,
				8EF515311A746970008A0C5F /* Supporting Files */,
			);
			path = JukeTests;
			sourceTree = "<group>";
		};
		8EF515311A746970008A0C5F /* Supporting Files */ = {
			isa = PBXGroup;
			children = (
				8EF515321A746970008A0C5F /* Info.plist */,
			);
			name = "Supporting Files";
			sourceTree = "<group>";
		};
		8EF5153E1A7469BF008A0C5F /* Frameworks */ = {
			isa = PBXGroup;
			children = (
				8EF5153F1A7469D1008A0C5F /* Spotify.framework */,
			);
			name = Frameworks;
			sourceTree = "<group>";
		};
		992E1BC016F5ECD0A8AEEA71 /* Frameworks */ = {
			isa = PBXGroup;
			children = (
				51A139D8AC09216C24575890 /* libPods.a */,
			);
			name = Frameworks;
			sourceTree = "<group>";
		};
		E4891FE47FF5B4279F16AE72 /* Pods */ = {
			isa = PBXGroup;
			children = (
				4A9B3269B13CEDB97F525B80 /* Pods.debug.xcconfig */,
				542DECED61D3DA2B8623662A /* Pods.release.xcconfig */,
			);
			name = Pods;
			sourceTree = "<group>";
		};
/* End PBXGroup section */

/* Begin PBXNativeTarget section */
		8EF515131A746970008A0C5F /* Juke */ = {
			isa = PBXNativeTarget;
			buildConfigurationList = 8EF515371A746970008A0C5F /* Build configuration list for PBXNativeTarget "Juke" */;
			buildPhases = (
				28861D4DCF58EF843E0A2356 /* Check Pods Manifest.lock */,
				8EF515101A746970008A0C5F /* Sources */,
				8EF515111A746970008A0C5F /* Frameworks */,
				8EF515121A746970008A0C5F /* Resources */,
				7E4F90C668BD8DF5CD56D262 /* Find unused imports */,
				A637E29353F5BAA05E90E416 /* Copy Pods Resources */,
			);
			buildRules = (
			);
			dependencies = (
			);
			name = Juke;
			productName = Juke;
			productReference = 8EF515141A746970008A0C5F /* Juke.app */;
			productType = "com.apple.product-type.application";
		};
		8EF5152C1A746970008A0C5F /* JukeTests */ = {
			isa = PBXNativeTarget;
			buildConfigurationList = 8EF5153A1A746970008A0C5F /* Build configuration list for PBXNativeTarget "JukeTests" */;
			buildPhases = (
				8EF515291A746970008A0C5F /* Sources */,
				8EF5152A1A746970008A0C5F /* Frameworks */,
				8EF5152B1A746970008A0C5F /* Resources */,
			);
			buildRules = (
			);
			dependencies = (
				8EF5152F1A746970008A0C5F /* PBXTargetDependency */,
			);
			name = JukeTests;
			productName = JukeTests;
			productReference = 8EF5152D1A746970008A0C5F /* JukeTests.xctest */;
			productType = "com.apple.product-type.bundle.unit-test";
		};
/* End PBXNativeTarget section */

/* Begin PBXProject section */
		8EF5150C1A746970008A0C5F /* Project object */ = {
			isa = PBXProject;
			attributes = {
				LastUpgradeCheck = 0610;
				ORGANIZATIONNAME = Greathouse;
				TargetAttributes = {
					8EF515131A746970008A0C5F = {
						CreatedOnToolsVersion = 6.1.1;
					};
					8EF5152C1A746970008A0C5F = {
						CreatedOnToolsVersion = 6.1.1;
						TestTargetID = 8EF515131A746970008A0C5F;
					};
				};
			};
			buildConfigurationList = 8EF5150F1A746970008A0C5F /* Build configuration list for PBXProject "Juke" */;
			compatibilityVersion = "Xcode 3.2";
			developmentRegion = English;
			hasScannedForEncodings = 0;
			knownRegions = (
				en,
				Base,
			);
			mainGroup = 8EF5150B1A746970008A0C5F;
			productRefGroup = 8EF515151A746970008A0C5F /* Products */;
			projectDirPath = "";
			projectRoot = "";
			targets = (
				8EF515131A746970008A0C5F /* Juke */,
				8EF5152C1A746970008A0C5F /* JukeTests */,
			);
		};
/* End PBXProject section */

/* Begin PBXResourcesBuildPhase section */
		8EF515121A746970008A0C5F /* Resources */ = {
			isa = PBXResourcesBuildPhase;
			buildActionMask = 2147483647;
			files = (
				8EF515231A746970008A0C5F /* Main.storyboard in Resources */,
				8EF515281A746970008A0C5F /* LaunchScreen.xib in Resources */,
				8EF515251A746970008A0C5F /* Images.xcassets in Resources */,
			);
			runOnlyForDeploymentPostprocessing = 0;
		};
		8EF5152B1A746970008A0C5F /* Resources */ = {
			isa = PBXResourcesBuildPhase;
			buildActionMask = 2147483647;
			files = (
			);
			runOnlyForDeploymentPostprocessing = 0;
		};
/* End PBXResourcesBuildPhase section */

/* Begin PBXShellScriptBuildPhase section */
		28861D4DCF58EF843E0A2356 /* Check Pods Manifest.lock */ = {
			isa = PBXShellScriptBuildPhase;
			buildActionMask = 2147483647;
			files = (
			);
			inputPaths = (
			);
			name = "Check Pods Manifest.lock";
			outputPaths = (
			);
			runOnlyForDeploymentPostprocessing = 0;
			shellPath = /bin/sh;
			shellScript = "diff \"${PODS_ROOT}/../Podfile.lock\" \"${PODS_ROOT}/Manifest.lock\" > /dev/null\nif [[ $? != 0 ]] ; then\n    cat << EOM\nerror: The sandbox is not in sync with the Podfile.lock. Run 'pod install' or update your CocoaPods installation.\nEOM\n    exit 1\nfi\n";
			showEnvVarsInLog = 0;
		};
		7E4F90C668BD8DF5CD56D262 /* Find unused imports */ = {
			isa = PBXShellScriptBuildPhase;
			buildActionMask = 2147483647;
			files = (
			);
			inputPaths = (
			);
			name = "Find unused imports";
			outputPaths = (
			);
			runOnlyForDeploymentPostprocessing = 0;
			shellPath = /bin/sh;
			shellScript = "/bin/sh \"/Users/sbritton/Library/Application Support/Developer/Shared/Xcode/Plug-ins/xcfui.xcplugin/Contents/Resources/fui_script.sh\" \"/Users/sbritton/Developer/Apps/Juke\"";
		};
		A637E29353F5BAA05E90E416 /* Copy Pods Resources */ = {
			isa = PBXShellScriptBuildPhase;
			buildActionMask = 2147483647;
			files = (
			);
			inputPaths = (
			);
			name = "Copy Pods Resources";
			outputPaths = (
			);
			runOnlyForDeploymentPostprocessing = 0;
			shellPath = /bin/sh;
			shellScript = "\"${SRCROOT}/Pods/Target Support Files/Pods/Pods-resources.sh\"\n";
			showEnvVarsInLog = 0;
		};
/* End PBXShellScriptBuildPhase section */

/* Begin PBXSourcesBuildPhase section */
		8EF515101A746970008A0C5F /* Sources */ = {
			isa = PBXSourcesBuildPhase;
			buildActionMask = 2147483647;
			files = (
				8E553B771A749F6100E98B5E /* Utility.m in Sources */,
				8E553B731A749ED600E98B5E /* Log.m in Sources */,
				8E553B6D1A749D3800E98B5E /* CachedImageView.m in Sources */,
				8EF515201A746970008A0C5F /* ViewController.m in Sources */,
				8EF5151D1A746970008A0C5F /* AppDelegate.m in Sources */,
				8EF14C0B1A78A2FD00DC9435 /* LoginViewController.m in Sources */,
				8EF515461A747E10008A0C5F /* SearchCollectionViewCell.m in Sources */,
				8E553B701A749E6C00E98B5E /* ImageCache.m in Sources */,
				8EF5151A1A746970008A0C5F /* main.m in Sources */,
			);
			runOnlyForDeploymentPostprocessing = 0;
		};
		8EF515291A746970008A0C5F /* Sources */ = {
			isa = PBXSourcesBuildPhase;
			buildActionMask = 2147483647;
			files = (
				8EF515341A746970008A0C5F /* JukeTests.m in Sources */,
			);
			runOnlyForDeploymentPostprocessing = 0;
		};
/* End PBXSourcesBuildPhase section */

/* Begin PBXTargetDependency section */
		8EF5152F1A746970008A0C5F /* PBXTargetDependency */ = {
			isa = PBXTargetDependency;
			target = 8EF515131A746970008A0C5F /* Juke */;
			targetProxy = 8EF5152E1A746970008A0C5F /* PBXContainerItemProxy */;
		};
/* End PBXTargetDependency section */

/* Begin PBXVariantGroup section */
		8EF515211A746970008A0C5F /* Main.storyboard */ = {
			isa = PBXVariantGroup;
			children = (
				8EF515221A746970008A0C5F /* Base */,
			);
			name = Main.storyboard;
			sourceTree = "<group>";
		};
		8EF515261A746970008A0C5F /* LaunchScreen.xib */ = {
			isa = PBXVariantGroup;
			children = (
				8EF515271A746970008A0C5F /* Base */,
			);
			name = LaunchScreen.xib;
			sourceTree = "<group>";
		};
/* End PBXVariantGroup section */

/* Begin XCBuildConfiguration section */
		8EF515351A746970008A0C5F /* Debug */ = {
			isa = XCBuildConfiguration;
			buildSettings = {
				ALWAYS_SEARCH_USER_PATHS = NO;
				CLANG_CXX_LANGUAGE_STANDARD = "gnu++0x";
				CLANG_CXX_LIBRARY = "libc++";
				CLANG_ENABLE_MODULES = YES;
				CLANG_ENABLE_OBJC_ARC = YES;
				CLANG_WARN_BOOL_CONVERSION = YES;
				CLANG_WARN_CONSTANT_CONVERSION = YES;
				CLANG_WARN_DIRECT_OBJC_ISA_USAGE = YES_ERROR;
				CLANG_WARN_EMPTY_BODY = YES;
				CLANG_WARN_ENUM_CONVERSION = YES;
				CLANG_WARN_INT_CONVERSION = YES;
				CLANG_WARN_OBJC_ROOT_CLASS = YES_ERROR;
				CLANG_WARN_UNREACHABLE_CODE = YES;
				CLANG_WARN__DUPLICATE_METHOD_MATCH = YES;
				"CODE_SIGN_IDENTITY[sdk=iphoneos*]" = "iPhone Developer";
				COPY_PHASE_STRIP = NO;
				ENABLE_STRICT_OBJC_MSGSEND = YES;
				GCC_C_LANGUAGE_STANDARD = gnu99;
				GCC_DYNAMIC_NO_PIC = NO;
				GCC_OPTIMIZATION_LEVEL = 0;
				GCC_PREPROCESSOR_DEFINITIONS = (
					"DEBUG=1",
					"$(inherited)",
				);
				GCC_SYMBOLS_PRIVATE_EXTERN = NO;
				GCC_WARN_64_TO_32_BIT_CONVERSION = YES;
				GCC_WARN_ABOUT_RETURN_TYPE = YES_ERROR;
				GCC_WARN_UNDECLARED_SELECTOR = YES;
				GCC_WARN_UNINITIALIZED_AUTOS = YES_AGGRESSIVE;
				GCC_WARN_UNUSED_FUNCTION = YES;
				GCC_WARN_UNUSED_VARIABLE = YES;
				IPHONEOS_DEPLOYMENT_TARGET = 8.1;
				MTL_ENABLE_DEBUG_INFO = YES;
				ONLY_ACTIVE_ARCH = YES;
				OTHER_LDFLAGS = "-ObjC";
				SDKROOT = iphoneos;
				TARGETED_DEVICE_FAMILY = "1,2";
			};
			name = Debug;
		};
		8EF515361A746970008A0C5F /* Release */ = {
			isa = XCBuildConfiguration;
			buildSettings = {
				ALWAYS_SEARCH_USER_PATHS = NO;
				CLANG_CXX_LANGUAGE_STANDARD = "gnu++0x";
				CLANG_CXX_LIBRARY = "libc++";
				CLANG_ENABLE_MODULES = YES;
				CLANG_ENABLE_OBJC_ARC = YES;
				CLANG_WARN_BOOL_CONVERSION = YES;
				CLANG_WARN_CONSTANT_CONVERSION = YES;
				CLANG_WARN_DIRECT_OBJC_ISA_USAGE = YES_ERROR;
				CLANG_WARN_EMPTY_BODY = YES;
				CLANG_WARN_ENUM_CONVERSION = YES;
				CLANG_WARN_INT_CONVERSION = YES;
				CLANG_WARN_OBJC_ROOT_CLASS = YES_ERROR;
				CLANG_WARN_UNREACHABLE_CODE = YES;
				CLANG_WARN__DUPLICATE_METHOD_MATCH = YES;
				"CODE_SIGN_IDENTITY[sdk=iphoneos*]" = "iPhone Developer";
				COPY_PHASE_STRIP = YES;
				ENABLE_NS_ASSERTIONS = NO;
				ENABLE_STRICT_OBJC_MSGSEND = YES;
				GCC_C_LANGUAGE_STANDARD = gnu99;
				GCC_WARN_64_TO_32_BIT_CONVERSION = YES;
				GCC_WARN_ABOUT_RETURN_TYPE = YES_ERROR;
				GCC_WARN_UNDECLARED_SELECTOR = YES;
				GCC_WARN_UNINITIALIZED_AUTOS = YES_AGGRESSIVE;
				GCC_WARN_UNUSED_FUNCTION = YES;
				GCC_WARN_UNUSED_VARIABLE = YES;
				IPHONEOS_DEPLOYMENT_TARGET = 8.1;
				MTL_ENABLE_DEBUG_INFO = NO;
				OTHER_LDFLAGS = "-ObjC";
				SDKROOT = iphoneos;
				TARGETED_DEVICE_FAMILY = "1,2";
				VALIDATE_PRODUCT = YES;
			};
			name = Release;
		};
		8EF515381A746970008A0C5F /* Debug */ = {
			isa = XCBuildConfiguration;
			baseConfigurationReference = 4A9B3269B13CEDB97F525B80 /* Pods.debug.xcconfig */;
			buildSettings = {
				ASSETCATALOG_COMPILER_APPICON_NAME = AppIcon;
				ASSETCATALOG_COMPILER_LAUNCHIMAGE_NAME = LaunchImage;
				FRAMEWORK_SEARCH_PATHS = (
					"$(inherited)",
					"$(PROJECT_DIR)/Juke",
				);
				INFOPLIST_FILE = Juke/Info.plist;
				LD_RUNPATH_SEARCH_PATHS = "$(inherited) @executable_path/Frameworks";
				PRODUCT_NAME = "$(TARGET_NAME)";
			};
			name = Debug;
		};
		8EF515391A746970008A0C5F /* Release */ = {
			isa = XCBuildConfiguration;
			baseConfigurationReference = 542DECED61D3DA2B8623662A /* Pods.release.xcconfig */;
			buildSettings = {
				ASSETCATALOG_COMPILER_APPICON_NAME = AppIcon;
				ASSETCATALOG_COMPILER_LAUNCHIMAGE_NAME = LaunchImage;
				FRAMEWORK_SEARCH_PATHS = (
					"$(inherited)",
					"$(PROJECT_DIR)/Juke",
				);
				INFOPLIST_FILE = Juke/Info.plist;
				LD_RUNPATH_SEARCH_PATHS = "$(inherited) @executable_path/Frameworks";
				PRODUCT_NAME = "$(TARGET_NAME)";
			};
			name = Release;
		};
		8EF5153B1A746970008A0C5F /* Debug */ = {
			isa = XCBuildConfiguration;
			buildSettings = {
				BUNDLE_LOADER = "$(TEST_HOST)";
				FRAMEWORK_SEARCH_PATHS = (
					"$(SDKROOT)/Developer/Library/Frameworks",
					"$(inherited)",
				);
				GCC_PREPROCESSOR_DEFINITIONS = (
					"DEBUG=1",
					"$(inherited)",
				);
				INFOPLIST_FILE = JukeTests/Info.plist;
				LD_RUNPATH_SEARCH_PATHS = "$(inherited) @executable_path/Frameworks @loader_path/Frameworks";
				PRODUCT_NAME = "$(TARGET_NAME)";
				TEST_HOST = "$(BUILT_PRODUCTS_DIR)/Juke.app/Juke";
			};
			name = Debug;
		};
		8EF5153C1A746970008A0C5F /* Release */ = {
			isa = XCBuildConfiguration;
			buildSettings = {
				BUNDLE_LOADER = "$(TEST_HOST)";
				FRAMEWORK_SEARCH_PATHS = (
					"$(SDKROOT)/Developer/Library/Frameworks",
					"$(inherited)",
				);
				INFOPLIST_FILE = JukeTests/Info.plist;
				LD_RUNPATH_SEARCH_PATHS = "$(inherited) @executable_path/Frameworks @loader_path/Frameworks";
				PRODUCT_NAME = "$(TARGET_NAME)";
				TEST_HOST = "$(BUILT_PRODUCTS_DIR)/Juke.app/Juke";
			};
			name = Release;
		};
/* End XCBuildConfiguration section */

/* Begin XCConfigurationList section */
		8EF5150F1A746970008A0C5F /* Build configuration list for PBXProject "Juke" */ = {
			isa = XCConfigurationList;
			buildConfigurations = (
				8EF515351A746970008A0C5F /* Debug */,
				8EF515361A746970008A0C5F /* Release */,
			);
			defaultConfigurationIsVisible = 0;
			defaultConfigurationName = Release;
		};
		8EF515371A746970008A0C5F /* Build configuration list for PBXNativeTarget "Juke" */ = {
			isa = XCConfigurationList;
			buildConfigurations = (
				8EF515381A746970008A0C5F /* Debug */,
				8EF515391A746970008A0C5F /* Release */,
			);
			defaultConfigurationIsVisible = 0;
			defaultConfigurationName = Release;
		};
		8EF5153A1A746970008A0C5F /* Build configuration list for PBXNativeTarget "JukeTests" */ = {
			isa = XCConfigurationList;
			buildConfigurations = (
				8EF5153B1A746970008A0C5F /* Debug */,
				8EF5153C1A746970008A0C5F /* Release */,
			);
			defaultConfigurationIsVisible = 0;
			defaultConfigurationName = Release;
		};
/* End XCConfigurationList section */
	};
	rootObject = 8EF5150C1A746970008A0C5F /* Project object */;
}
